
Microsoft Visual Studio Solution File, Format Version 12.00
# Visual Studio Version 17
VisualStudioVersion = 17.2.32616.157
MinimumVisualStudioVersion = 10.0.40219.1
Project("{9A19103F-16F7-4668-BE54-9A1E7A4F7556}") = "Infoware.EntityFrameworkCore.MemoryCache", "Infoware.EntityFrameworkCore.MemoryCache\Infoware.EntityFrameworkCore.MemoryCache.csproj", "{C8A7C4EE-C63F-434B-9BFB-179CE13C385B}"
EndProject
Project("{2150E333-8FDC-42A3-9474-1A3956D46DE8}") = "Solution Items", "Solution Items", "{54F4E272-ED32-45CE-B555-7693252986EA}"
	ProjectSection(SolutionItems) = preProject
		.github\workflows\main.yml = .github\workflows\main.yml
		README.md = README.md
	EndProjectSection
EndProject
Project("{9A19103F-16F7-4668-BE54-9A1E7A4F7556}") = "WebApplication1", "WebApplication1\WebApplication1.csproj", "{C82A34D5-CF9C-4418-A330-FC0FCFA248B5}"
EndProject
Global
	GlobalSection(SolutionConfigurationPlatforms) = preSolution
		Debug|Any CPU = Debug|Any CPU
		Release|Any CPU = Release|Any CPU
	EndGlobalSection
	GlobalSection(ProjectConfigurationPlatforms) = postSolution
		{C8A7C4EE-C63F-434B-9BFB-179CE13C385B}.Debug|Any CPU.ActiveCfg = Debug|Any CPU
		{C8A7C4EE-C63F-434B-9BFB-179CE13C385B}.Debug|Any CPU.Build.0 = Debug|Any CPU
		{C8A7C4EE-C63F-434B-9BFB-179CE13C385B}.Release|Any CPU.ActiveCfg = Release|Any CPU
		{C8A7C4EE-C63F-434B-9BFB-179CE13C385B}.Release|Any CPU.Build.0 = Release|Any CPU
		{C82A34D5-CF9C-4418-A330-FC0FCFA248B5}.Debug|Any CPU.ActiveCfg = Debug|Any CPU
		{C82A34D5-CF9C-4418-A330-FC0FCFA248B5}.Debug|Any CPU.Build.0 = Debug|Any CPU
		{C82A34D5-CF9C-4418-A330-FC0FCFA248B5}.Release|Any CPU.ActiveCfg = Release|Any CPU
		{C82A34D5-CF9C-4418-A330-FC0FCFA248B5}.Release|Any CPU.Build.0 = Release|Any CPU
	EndGlobalSection
	GlobalSection(SolutionProperties) = preSolution
		HideSolutionNode = FALSE
	EndGlobalSection
	GlobalSection(ExtensibilityGlobals) = postSolution
		SolutionGuid = {FCB73669-9CD3-48CD-A3EC-C55A00D471B6}
	EndGlobalSection
EndGlobal
